// !$*UTF8*$!
{
	archiveVersion = 1;
	classes = {
	};
	objectVersion = 50;
	objects = {

/* Begin PBXBuildFile section */
		B05ABA1522F08C2F0069EDAD /* pole.cpp in Sources */ = {isa = PBXBuildFile; fileRef = B05ABA1222F08C2F0069EDAD /* pole.cpp */; };
		B05ABA1622F08C2F0069EDAD /* msginfo.cpp in Sources */ = {isa = PBXBuildFile; fileRef = B05ABA1322F08C2F0069EDAD /* msginfo.cpp */; };
		B094F02F22F1ED5E00C6E735 /* MapiMessage.cpp in Sources */ = {isa = PBXBuildFile; fileRef = B094F02E22F1ED5E00C6E735 /* MapiMessage.cpp */; };
/* End PBXBuildFile section */

/* Begin PBXCopyFilesBuildPhase section */
		B0C4214C22EF6E5A0007BA60 /* CopyFiles */ = {
			isa = PBXCopyFilesBuildPhase;
			buildActionMask = 2147483647;
			dstPath = /usr/share/man/man1/;
			dstSubfolderSpec = 0;
			files = (
			);
			runOnlyForDeploymentPostprocessing = 1;
		};
/* End PBXCopyFilesBuildPhase section */

/* Begin PBXFileReference section */
		B05ABA1222F08C2F0069EDAD /* pole.cpp */ = {isa = PBXFileReference; fileEncoding = 4; lastKnownFileType = sourcecode.cpp.cpp; path = pole.cpp; sourceTree = SOURCE_ROOT; };
		B05ABA1322F08C2F0069EDAD /* msginfo.cpp */ = {isa = PBXFileReference; fileEncoding = 4; lastKnownFileType = sourcecode.cpp.cpp; path = msginfo.cpp; sourceTree = SOURCE_ROOT; };
		B05ABA1422F08C2F0069EDAD /* pole.h */ = {isa = PBXFileReference; fileEncoding = 4; lastKnownFileType = sourcecode.c.h; path = pole.h; sourceTree = SOURCE_ROOT; };
		B05ABA1722F09B900069EDAD /* mapitags.h */ = {isa = PBXFileReference; fileEncoding = 4; lastKnownFileType = sourcecode.c.h; path = mapitags.h; sourceTree = SOURCE_ROOT; };
		B05ABA1822F09B900069EDAD /* mapidefs.h */ = {isa = PBXFileReference; fileEncoding = 4; lastKnownFileType = sourcecode.c.h; path = mapidefs.h; sourceTree = SOURCE_ROOT; };
		B094F02622F1ED0000C6E735 /* AUTHORS */ = {isa = PBXFileReference; lastKnownFileType = text; path = AUTHORS; sourceTree = SOURCE_ROOT; };
		B094F02722F1ED0000C6E735 /* COMPILERS.txt */ = {isa = PBXFileReference; lastKnownFileType = text; path = COMPILERS.txt; sourceTree = SOURCE_ROOT; };
		B094F02822F1ED0000C6E735 /* ChangeLog */ = {isa = PBXFileReference; lastKnownFileType = text; path = ChangeLog; sourceTree = SOURCE_ROOT; };
		B094F02922F1ED0000C6E735 /* LICENSE */ = {isa = PBXFileReference; lastKnownFileType = text; path = LICENSE; sourceTree = SOURCE_ROOT; };
		B094F02A22F1ED0000C6E735 /* README */ = {isa = PBXFileReference; lastKnownFileType = text; path = README; sourceTree = SOURCE_ROOT; };
		B094F02B22F1ED0000C6E735 /* Makefile */ = {isa = PBXFileReference; lastKnownFileType = sourcecode.make; path = Makefile; sourceTree = SOURCE_ROOT; };
		B094F02D22F1ED5E00C6E735 /* MapiMessage.hpp */ = {isa = PBXFileReference; fileEncoding = 4; lastKnownFileType = sourcecode.cpp.h; path = MapiMessage.hpp; sourceTree = SOURCE_ROOT; };
		B094F02E22F1ED5E00C6E735 /* MapiMessage.cpp */ = {isa = PBXFileReference; fileEncoding = 4; lastKnownFileType = sourcecode.cpp.cpp; path = MapiMessage.cpp; sourceTree = SOURCE_ROOT; };
		B094F03022F21B1A00C6E735 /* mapiExtraDefs.h */ = {isa = PBXFileReference; lastKnownFileType = sourcecode.c.h; path = mapiExtraDefs.h; sourceTree = SOURCE_ROOT; };
		B0C4214E22EF6E5A0007BA60 /* MsgInfo */ = {isa = PBXFileReference; explicitFileType = "compiled.mach-o.executable"; includeInIndex = 0; path = MsgInfo; sourceTree = BUILT_PRODUCTS_DIR; };
/* End PBXFileReference section */

/* Begin PBXFrameworksBuildPhase section */
		B0C4214B22EF6E5A0007BA60 /* Frameworks */ = {
			isa = PBXFrameworksBuildPhase;
			buildActionMask = 2147483647;
			files = (
			);
			runOnlyForDeploymentPostprocessing = 0;
		};
/* End PBXFrameworksBuildPhase section */

/* Begin PBXGroup section */
		B094F02522F1ECC300C6E735 /* Support */ = {
			isa = PBXGroup;
			children = (
				B094F02622F1ED0000C6E735 /* AUTHORS */,
				B094F02822F1ED0000C6E735 /* ChangeLog */,
				B094F02722F1ED0000C6E735 /* COMPILERS.txt */,
				B094F02922F1ED0000C6E735 /* LICENSE */,
				B094F02B22F1ED0000C6E735 /* Makefile */,
				B094F02A22F1ED0000C6E735 /* README */,
			);
			path = Support;
			sourceTree = "<group>";
		};
		B0C4214522EF6E5A0007BA60 = {
			isa = PBXGroup;
			children = (
				B094F02522F1ECC300C6E735 /* Support */,
				B0C4215022EF6E5A0007BA60 /* src */,
				B0C4214F22EF6E5A0007BA60 /* Products */,
			);
			indentWidth = 2;
			sourceTree = "<group>";
			tabWidth = 2;
		};
		B0C4214F22EF6E5A0007BA60 /* Products */ = {
			isa = PBXGroup;
			children = (
				B0C4214E22EF6E5A0007BA60 /* MsgInfo */,
			);
			name = Products;
			sourceTree = "<group>";
		};
		B0C4215022EF6E5A0007BA60 /* src */ = {
			isa = PBXGroup;
			children = (
				B094F02E22F1ED5E00C6E735 /* MapiMessage.cpp */,
				B094F02D22F1ED5E00C6E735 /* MapiMessage.hpp */,
				B05ABA1822F09B900069EDAD /* mapidefs.h */,
				B05ABA1722F09B900069EDAD /* mapitags.h */,
				B05ABA1322F08C2F0069EDAD /* msginfo.cpp */,
				B05ABA1222F08C2F0069EDAD /* pole.cpp */,
				B094F03022F21B1A00C6E735 /* mapiExtraDefs.h */,
				B05ABA1422F08C2F0069EDAD /* pole.h */,
			);
			path = src;
			sourceTree = "<group>";
		};
/* End PBXGroup section */

/* Begin PBXNativeTarget section */
		B0C4214D22EF6E5A0007BA60 /* MsgInfo */ = {
			isa = PBXNativeTarget;
			buildConfigurationList = B0C4215522EF6E5A0007BA60 /* Build configuration list for PBXNativeTarget "MsgInfo" */;
			buildPhases = (
				B0C4214A22EF6E5A0007BA60 /* Sources */,
				B0C4214B22EF6E5A0007BA60 /* Frameworks */,
				B0C4214C22EF6E5A0007BA60 /* CopyFiles */,
			);
			buildRules = (
			);
			dependencies = (
			);
			name = MsgInfo;
			productName = MsgInfo;
			productReference = B0C4214E22EF6E5A0007BA60 /* MsgInfo */;
			productType = "com.apple.product-type.tool";
		};
/* End PBXNativeTarget section */

/* Begin PBXProject section */
		B0C4214622EF6E5A0007BA60 /* Project object */ = {
			isa = PBXProject;
			attributes = {
				LastUpgradeCheck = 1030;
				ORGANIZATIONNAME = "Greenius Limited";
				TargetAttributes = {
					B0C4214D22EF6E5A0007BA60 = {
						CreatedOnToolsVersion = 9.4.1;
					};
				};
			};
			buildConfigurationList = B0C4214922EF6E5A0007BA60 /* Build configuration list for PBXProject "MsgInfo" */;
			compatibilityVersion = "Xcode 9.3";
			developmentRegion = en;
			hasScannedForEncodings = 0;
			knownRegions = (
				en,
				Base,
			);
			mainGroup = B0C4214522EF6E5A0007BA60;
			productRefGroup = B0C4214F22EF6E5A0007BA60 /* Products */;
			projectDirPath = "";
			projectRoot = "";
			targets = (
				B0C4214D22EF6E5A0007BA60 /* MsgInfo */,
			);
		};
/* End PBXProject section */

/* Begin PBXSourcesBuildPhase section */
		B0C4214A22EF6E5A0007BA60 /* Sources */ = {
			isa = PBXSourcesBuildPhase;
			buildActionMask = 2147483647;
			files = (
				B05ABA1522F08C2F0069EDAD /* pole.cpp in Sources */,
				B094F02F22F1ED5E00C6E735 /* MapiMessage.cpp in Sources */,
				B05ABA1622F08C2F0069EDAD /* msginfo.cpp in Sources */,
			);
			runOnlyForDeploymentPostprocessing = 0;
		};
/* End PBXSourcesBuildPhase section */

/* Begin XCBuildConfiguration section */
		B0C4215322EF6E5A0007BA60 /* Debug */ = {
			isa = XCBuildConfiguration;
			buildSettings = {
				ALWAYS_SEARCH_USER_PATHS = NO;
				CLANG_ANALYZER_NONNULL = YES;
				CLANG_ANALYZER_NUMBER_OBJECT_CONVERSION = YES_AGGRESSIVE;
				CLANG_CXX_LANGUAGE_STANDARD = "gnu++14";
				CLANG_CXX_LIBRARY = "libc++";
				CLANG_ENABLE_MODULES = YES;
				CLANG_ENABLE_OBJC_ARC = YES;
				CLANG_ENABLE_OBJC_WEAK = YES;
				CLANG_WARN_BLOCK_CAPTURE_AUTORELEASING = YES;
				CLANG_WARN_BOOL_CONVERSION = YES;
				CLANG_WARN_COMMA = YES;
				CLANG_WARN_CONSTANT_CONVERSION = YES;
				CLANG_WARN_DEPRECATED_OBJC_IMPLEMENTATIONS = YES;
				CLANG_WARN_DIRECT_OBJC_ISA_USAGE = YES_ERROR;
				CLANG_WARN_DOCUMENTATION_COMMENTS = YES;
				CLANG_WARN_EMPTY_BODY = YES;
				CLANG_WARN_ENUM_CONVERSION = YES;
				CLANG_WARN_INFINITE_RECURSION = YES;
				CLANG_WARN_INT_CONVERSION = YES;
				CLANG_WARN_NON_LITERAL_NULL_CONVERSION = YES;
				CLANG_WARN_OBJC_IMPLICIT_RETAIN_SELF = YES;
				CLANG_WARN_OBJC_LITERAL_CONVERSION = YES;
				CLANG_WARN_OBJC_ROOT_CLASS = YES_ERROR;
				CLANG_WARN_RANGE_LOOP_ANALYSIS = YES;
				CLANG_WARN_STRICT_PROTOTYPES = YES;
				CLANG_WARN_SUSPICIOUS_MOVE = YES;
				CLANG_WARN_UNGUARDED_AVAILABILITY = YES_AGGRESSIVE;
				CLANG_WARN_UNREACHABLE_CODE = YES;
				CLANG_WARN__DUPLICATE_METHOD_MATCH = YES;
				CODE_SIGN_IDENTITY = "Mac Developer";
				COPY_PHASE_STRIP = NO;
				DEBUG_INFORMATION_FORMAT = dwarf;
				ENABLE_STRICT_OBJC_MSGSEND = YES;
				ENABLE_TESTABILITY = YES;
				GCC_C_LANGUAGE_STANDARD = gnu11;
				GCC_DYNAMIC_NO_PIC = NO;
				GCC_NO_COMMON_BLOCKS = YES;
				GCC_OPTIMIZATION_LEVEL = 0;
				GCC_PREPROCESSOR_DEFINITIONS = (
					"DEBUG=1",
					"$(inherited)",
				);
				GCC_WARN_ABOUT_RETURN_TYPE = YES_ERROR;
				GCC_WARN_UNDECLARED_SELECTOR = YES;
				GCC_WARN_UNINITIALIZED_AUTOS = YES_AGGRESSIVE;
				GCC_WARN_UNUSED_FUNCTION = YES;
				GCC_WARN_UNUSED_VARIABLE = YES;
				MACOSX_DEPLOYMENT_TARGET = 10.13;
				MTL_ENABLE_DEBUG_INFO = YES;
				ONLY_ACTIVE_ARCH = YES;
				SDKROOT = macosx;
			};
			name = Debug;
		};
		B0C4215422EF6E5A0007BA60 /* Release */ = {
			isa = XCBuildConfiguration;
			buildSettings = {
				ALWAYS_SEARCH_USER_PATHS = NO;
				CLANG_ANALYZER_NONNULL = YES;
				CLANG_ANALYZER_NUMBER_OBJECT_CONVERSION = YES_AGGRESSIVE;
				CLANG_CXX_LANGUAGE_STANDARD = "gnu++14";
				CLANG_CXX_LIBRARY = "libc++";
				CLANG_ENABLE_MODULES = YES;
				CLANG_ENABLE_OBJC_ARC = YES;
				CLANG_ENABLE_OBJC_WEAK = YES;
				CLANG_WARN_BLOCK_CAPTURE_AUTORELEASING = YES;
				CLANG_WARN_BOOL_CONVERSION = YES;
				CLANG_WARN_COMMA = YES;
				CLANG_WARN_CONSTANT_CONVERSION = YES;
				CLANG_WARN_DEPRECATED_OBJC_IMPLEMENTATIONS = YES;
				CLANG_WARN_DIRECT_OBJC_ISA_USAGE = YES_ERROR;
				CLANG_WARN_DOCUMENTATION_COMMENTS = YES;
				CLANG_WARN_EMPTY_BODY = YES;
				CLANG_WARN_ENUM_CONVERSION = YES;
				CLANG_WARN_INFINITE_RECURSION = YES;
				CLANG_WARN_INT_CONVERSION = YES;
				CLANG_WARN_NON_LITERAL_NULL_CONVERSION = YES;
				CLANG_WARN_OBJC_IMPLICIT_RETAIN_SELF = YES;
				CLANG_WARN_OBJC_LITERAL_CONVERSION = YES;
				CLANG_WARN_OBJC_ROOT_CLASS = YES_ERROR;
				CLANG_WARN_RANGE_LOOP_ANALYSIS = YES;
				CLANG_WARN_STRICT_PROTOTYPES = YES;
				CLANG_WARN_SUSPICIOUS_MOVE = YES;
				CLANG_WARN_UNGUARDED_AVAILABILITY = YES_AGGRESSIVE;
				CLANG_WARN_UNREACHABLE_CODE = YES;
				CLANG_WARN__DUPLICATE_METHOD_MATCH = YES;
				CODE_SIGN_IDENTITY = "Mac Developer";
				COPY_PHASE_STRIP = NO;
				DEBUG_INFORMATION_FORMAT = "dwarf-with-dsym";
				ENABLE_NS_ASSERTIONS = NO;
				ENABLE_STRICT_OBJC_MSGSEND = YES;
				GCC_C_LANGUAGE_STANDARD = gnu11;
				GCC_NO_COMMON_BLOCKS = YES;
				GCC_WARN_ABOUT_RETURN_TYPE = YES_ERROR;
				GCC_WARN_UNDECLARED_SELECTOR = YES;
				GCC_WARN_UNINITIALIZED_AUTOS = YES_AGGRESSIVE;
				GCC_WARN_UNUSED_FUNCTION = YES;
				GCC_WARN_UNUSED_VARIABLE = YES;
				MACOSX_DEPLOYMENT_TARGET = 10.13;
				MTL_ENABLE_DEBUG_INFO = NO;
				SDKROOT = macosx;
			};
			name = Release;
		};
		B0C4215622EF6E5A0007BA60 /* Debug */ = {
			isa = XCBuildConfiguration;
			buildSettings = {
				CODE_SIGN_STYLE = Automatic;
				DEVELOPMENT_TEAM = 55V38434L7;
				PRODUCT_NAME = "$(TARGET_NAME)";
			};
			name = Debug;
		};
		B0C4215722EF6E5A0007BA60 /* Release */ = {
			isa = XCBuildConfiguration;
			buildSettings = {
				CODE_SIGN_STYLE = Automatic;
				DEVELOPMENT_TEAM = 55V38434L7;
				PRODUCT_NAME = "$(TARGET_NAME)";
			};
			name = Release;
		};
/* End XCBuildConfiguration section */

/* Begin XCConfigurationList section */
		B0C4214922EF6E5A0007BA60 /* Build configuration list for PBXProject "MsgInfo" */ = {
			isa = XCConfigurationList;
			buildConfigurations = (
				B0C4215322EF6E5A0007BA60 /* Debug */,
				B0C4215422EF6E5A0007BA60 /* Release */,
			);
			defaultConfigurationIsVisible = 0;
			defaultConfigurationName = Release;
		};
		B0C4215522EF6E5A0007BA60 /* Build configuration list for PBXNativeTarget "MsgInfo" */ = {
			isa = XCConfigurationList;
			buildConfigurations = (
				B0C4215622EF6E5A0007BA60 /* Debug */,
				B0C4215722EF6E5A0007BA60 /* Release */,
			);
			defaultConfigurationIsVisible = 0;
			defaultConfigurationName = Release;
		};
/* End XCConfigurationList section */
	};
	rootObject = B0C4214622EF6E5A0007BA60 /* Project object */;
}
